
Microsoft Visual Studio Solution File, Format Version 12.00
# Visual Studio Version 17
VisualStudioVersion = 17.2.32630.192
MinimumVisualStudioVersion = 10.0.40219.1
Project("{8BC9CEB8-8B4A-11D0-8D11-00A0C91BC942}") = "WinXSearch", "WinXSearch.vcxproj", "{C196D694-6BA6-47B1-B6FA-4D959A35441D}"
EndProject
Project("{54435603-DBB4-11D2-8724-00A0C9A8B90C}") = "WinXSearch_Setup", "WinXSearch_Setup\WinXSearch_Setup.vdproj", "{231C1360-CFA1-4B66-93AF-F970A4512E97}"
	ProjectSection(ProjectDependencies) = postProject
		{C196D694-6BA6-47B1-B6FA-4D959A35441D} = {C196D694-6BA6-47B1-B6FA-4D959A35441D}
	EndProjectSection
EndProject
Global
	GlobalSection(SolutionConfigurationPlatforms) = preSolution
		All|x64 = All|x64
		All|x86 = All|x86
		Debug|x64 = Debug|x64
		Debug|x86 = Debug|x86
		Release|x64 = Release|x64
		Release|x86 = Release|x86
	EndGlobalSection
	GlobalSection(ProjectConfigurationPlatforms) = postSolution
		{C196D694-6BA6-47B1-B6FA-4D959A35441D}.All|x64.ActiveCfg = Release|x64
		{C196D694-6BA6-47B1-B6FA-4D959A35441D}.All|x64.Build.0 = Release|x64
		{C196D694-6BA6-47B1-B6FA-4D959A35441D}.All|x86.ActiveCfg = Release|Win32
		{C196D694-6BA6-47B1-B6FA-4D959A35441D}.All|x86.Build.0 = Release|Win32
		{C196D694-6BA6-47B1-B6FA-4D959A35441D}.Debug|x64.ActiveCfg = Debug|x64
		{C196D694-6BA6-47B1-B6FA-4D959A35441D}.Debug|x64.Build.0 = Debug|x64
		{C196D694-6BA6-47B1-B6FA-4D959A35441D}.Debug|x86.ActiveCfg = Debug|Win32
		{C196D694-6BA6-47B1-B6FA-4D959A35441D}.Debug|x86.Build.0 = Debug|Win32
		{C196D694-6BA6-47B1-B6FA-4D959A35441D}.Release|x64.ActiveCfg = Release|x64
		{C196D694-6BA6-47B1-B6FA-4D959A35441D}.Release|x64.Build.0 = Release|x64
		{C196D694-6BA6-47B1-B6FA-4D959A35441D}.Release|x86.ActiveCfg = Release|Win32
		{C196D694-6BA6-47B1-B6FA-4D959A35441D}.Release|x86.Build.0 = Release|Win32
		{231C1360-CFA1-4B66-93AF-F970A4512E97}.All|x64.ActiveCfg = Debug
		{231C1360-CFA1-4B66-93AF-F970A4512E97}.All|x64.Build.0 = Debug
		{231C1360-CFA1-4B66-93AF-F970A4512E97}.All|x86.ActiveCfg = Debug
		{231C1360-CFA1-4B66-93AF-F970A4512E97}.All|x86.Build.0 = Debug
		{231C1360-CFA1-4B66-93AF-F970A4512E97}.Debug|x64.ActiveCfg = Debug
		{231C1360-CFA1-4B66-93AF-F970A4512E97}.Debug|x64.Build.0 = Debug
		{231C1360-CFA1-4B66-93AF-F970A4512E97}.Debug|x86.ActiveCfg = Debug
		{231C1360-CFA1-4B66-93AF-F970A4512E97}.Debug|x86.Build.0 = Debug
		{231C1360-CFA1-4B66-93AF-F970A4512E97}.Release|x64.ActiveCfg = Release
		{231C1360-CFA1-4B66-93AF-F970A4512E97}.Release|x64.Build.0 = Release
		{231C1360-CFA1-4B66-93AF-F970A4512E97}.Release|x86.ActiveCfg = Release
		{231C1360-CFA1-4B66-93AF-F970A4512E97}.Release|x86.Build.0 = Release
	EndGlobalSection
	GlobalSection(SolutionProperties) = preSolution
		HideSolutionNode = FALSE
	EndGlobalSection
	GlobalSection(ExtensibilityGlobals) = postSolution
		SolutionGuid = {D8165A82-6235-4E61-A183-91413FABD391}
	EndGlobalSection
EndGlobal
